
Microsoft Visual Studio Solution File, Format Version 12.00
# Visual Studio Version 16
VisualStudioVersion = 16.0.30420.98
MinimumVisualStudioVersion = 10.0.40219.1
Project("{8BC9CEB8-8B4A-11D0-8D11-00A0C91BC942}") = "boss", "sdk.vcxproj", "{964F0AB8-86FA-427F-A9AA-3C2FEA838A10}"
EndProject
Global
	GlobalSection(SolutionConfigurationPlatforms) = preSolution
		Debug|x64 = Debug|x64
		Debug|x86 = Debug|x86
		Release|x64 = Release|x64
		Release|x86 = Release|x86
	EndGlobalSection
	GlobalSection(ProjectConfigurationPlatforms) = postSolution
		{964F0AB8-86FA-427F-A9AA-3C2FEA838A10}.Debug|x64.ActiveCfg = Debug|x64
		{964F0AB8-86FA-427F-A9AA-3C2FEA838A10}.Debug|x64.Build.0 = Debug|x64
		{964F0AB8-86FA-427F-A9AA-3C2FEA838A10}.Debug|x86.ActiveCfg = Debug|Win32
		{964F0AB8-86FA-427F-A9AA-3C2FEA838A10}.Debug|x86.Build.0 = Debug|Win32
		{964F0AB8-86FA-427F-A9AA-3C2FEA838A10}.Release|x64.ActiveCfg = Release|x64
		{964F0AB8-86FA-427F-A9AA-3C2FEA838A10}.Release|x64.Build.0 = Release|x64
		{964F0AB8-86FA-427F-A9AA-3C2FEA838A10}.Release|x86.ActiveCfg = Release|Win32
		{964F0AB8-86FA-427F-A9AA-3C2FEA838A10}.Release|x86.Build.0 = Release|Win32
	EndGlobalSection
	GlobalSection(SolutionProperties) = preSolution
		HideSolutionNode = FALSE
	EndGlobalSection
	GlobalSection(ExtensibilityGlobals) = postSolution
		SolutionGuid = {A0079044-462C-40FB-A7AC-C5424282A676}
	EndGlobalSection
EndGlobal
