<?xml version="1.0" encoding="utf-8"?>
<Project ToolsVersion="4.0" xmlns="http://schemas.microsoft.com/developer/msbuild/2003">
  <ItemGroup>
    <ClCompile Include="dllmain.cpp" />
    <ClCompile Include="hooks\hook.cpp" />
    <ClCompile Include="hooks\d3d9\d3d9.cpp" />
    <ClCompile Include="sdk\utils\utilities.cpp" />
    <ClCompile Include="interfaces\interfaces.cpp" />
    <ClCompile Include="menu.cpp" />
    <ClCompile Include="vars.cpp" />
    <ClCompile Include="sdk\globals.cpp" />
    <ClCompile Include="hooks\create_move\create_move.cpp" />
    <ClCompile Include="hooks\frame_stage\frame_stage.cpp" />
    <ClCompile Include="hooks\draw_model_execute\draw_model_execute.cpp" />
    <ClCompile Include="hooks\override_view\override_view.cpp" />
    <ClCompile Include="sdk\utils\netvars.cpp" />
    <ClCompile Include="sdk\classes\base_entity.cpp" />
    <ClCompile Include="hooks\is_hltv\hltv.cpp" />
    <ClCompile Include="hooks\extra_bone_process\extra_bone_processing.cpp" />
    <ClCompile Include="hooks\get_bool cvar\sv_cheat.cpp" />
    <ClCompile Include="hooks\eye_angle\eye_angle.cpp" />
    <ClCompile Include="hooks\setupbones\setup_bones.cpp" />
    <ClCompile Include="hooks\disable_occulusion\disable_occulusion.cpp" />
    <ClCompile Include="hooks\draw_set_color\draw_set_col.cpp" />
    <ClCompile Include="hooks\delay_fix\event_delay_fix.cpp" />
    <ClCompile Include="imgui\impl\imgui_impl_dx9.cpp" />
    <ClCompile Include="imgui\impl\imgui_impl_win32.cpp" />
    <ClCompile Include="imgui\imgui.cpp" />
    <ClCompile Include="imgui\imgui_draw.cpp" />
    <ClCompile Include="imgui\imgui_widgets.cpp" />
    <ClCompile Include="hooks\do_post_screen_effects\do_post_screen_effects.cpp" />
    <ClCompile Include="hooks\emit_sound\emit_sound.cpp" />
    <ClCompile Include="hooks\write_usercmd_delta_buf\write_usercmd_delta_buf.cpp" />
    <ClCompile Include="features\visuals\visuals.cpp" />
    <ClCompile Include="hooks\run_command\run_command.cpp" />
    <ClCompile Include="features\misc\exploits\exploits.cpp" />
    <ClCompile Include="features\visuals\chams.cpp" />
    <ClCompile Include="features\antiaim\antiaim.cpp" />
    <ClCompile Include="features\animations\animations.cpp" />
    <ClCompile Include="features\engine_prediction\engine_prediction.cpp" />
    <ClCompile Include="features\ragebot\ragebot.cpp" />
    <ClCompile Include="features\ragebot\sync.cpp" />
    <ClCompile Include="features\autowall\autowall.cpp" />
    <ClCompile Include="features\lagcomp\lagcomp.cpp" />
    <ClCompile Include="features\events\events.cpp" />
    <ClCompile Include="features\resolver\resolver.cpp" />
    <ClCompile Include="features\misc\player list\plist.cpp" />
    <ClCompile Include="discord sdk\src\connection_win.cpp" />
    <ClCompile Include="discord sdk\src\discord_register_win.cpp" />
    <ClCompile Include="discord sdk\src\discord_rpc.cpp" />
    <ClCompile Include="discord sdk\src\dllmain.cpp" />
    <ClCompile Include="discord sdk\src\serialization.cpp" />
    <ClCompile Include="discord sdk\src\rpc_connection.cpp" />
    <ClCompile Include="render\render.cpp" />
  </ItemGroup>
  <ItemGroup>
    <ClInclude Include="hooks\hook.h" />
    <ClInclude Include="imgui\stb_rect_pack.h" />
    <ClInclude Include="imgui\stb_textedit.h" />
    <ClInclude Include="imgui\stb_truetype.h" />
    <ClInclude Include="sdk\utils\utilities.h" />
    <ClInclude Include="minhook.h" />
    <ClInclude Include="interfaces\interfaces.h" />
    <ClInclude Include="menu.h" />
    <ClInclude Include="vars.h" />
    <ClInclude Include="interfaces\engine.h" />
    <ClInclude Include="sdk\math\vec3.h" />
    <ClInclude Include="sdk\math\math.h" />
    <ClInclude Include="interfaces\input_sys.h" />
    <ClInclude Include="sdk\classes\usercmd.h" />
    <ClInclude Include="sdk\classes\checksum.h" />
    <ClInclude Include="interfaces\input.h" />
    <ClInclude Include="sdk\classes\base_entity.h" />
    <ClInclude Include="interfaces\prediction.h" />
    <ClInclude Include="interfaces\clientstate.h" />
    <ClInclude Include="interfaces\trace.h" />
    <ClInclude Include="interfaces\entlist.h" />
    <ClInclude Include="interfaces\client.h" />
    <ClInclude Include="sdk\defines.h" />
    <ClInclude Include="interfaces\global_vars.h" />
    <ClInclude Include="interfaces\model_render.h" />
    <ClInclude Include="interfaces\model_info.h" />
    <ClInclude Include="interfaces\convar.h" />
    <ClInclude Include="sdk\globals.h" />
    <ClInclude Include="sdk\utils\netvars.h" />
    <ClInclude Include="sdk\utils\recv.h" />
    <ClInclude Include="sdk\classes\collideable.h" />
    <ClInclude Include="interfaces\material_sys.h" />
    <ClInclude Include="interfaces\surface.h" />
    <ClInclude Include="interfaces\event_manager.h" />
    <ClInclude Include="interfaces\malloc.h" />
    <ClInclude Include="imgui\dx9\imgui_impl_dx9.h" />
    <ClInclude Include="imgui\impl\imgui_impl_dx9.h" />
    <ClInclude Include="imgui\impl\imgui_impl_win32.h" />
    <ClInclude Include="imgui\imconfig.h" />
    <ClInclude Include="imgui\imgui.h" />
    <ClInclude Include="imgui\imgui_internal.h" />
    <ClInclude Include="imgui\imstb_rectpack.h" />
    <ClInclude Include="imgui\imstb_textedit.h" />
    <ClInclude Include="imgui\imstb_truetype.h" />
    <ClInclude Include="fonts\fonts.h" />
    <ClInclude Include="features\visuals\visuals.h" />
    <ClInclude Include="features\misc\exploits\exploits.h" />
    <ClInclude Include="features\visuals\chams.h" />
    <ClInclude Include="features\antiaim\antiaim.h" />
    <ClInclude Include="features\animations\animations.h" />
    <ClInclude Include="features\engine_prediction\engine_prediction.h" />
    <ClInclude Include="features\ragebot\ragebot.h" />
    <ClInclude Include="features\autowall\autowall.h" />
    <ClInclude Include="features\lagcomp\lagcomp.h" />
    <ClInclude Include="features\events\events.h" />
    <ClInclude Include="features\resolver\resolver.h" />
    <ClInclude Include="features\misc\player list\plist.h" />
    <ClInclude Include="discord sdk\src\backoff.h" />
    <ClInclude Include="discord sdk\src\connection.h" />
    <ClInclude Include="discord sdk\src\msg_queue.h" />
    <ClInclude Include="discord sdk\src\rpc_connection.h" />
    <ClInclude Include="discord sdk\src\serialization.h" />
    <ClInclude Include="render\render.h" />
    <ClInclude Include="interfaces\render_beam.h" />
  </ItemGroup>
</Project>